
Microsoft Visual Studio Solution File, Format Version 12.00
# Visual Studio Version 16
VisualStudioVersion = 16.0.29709.97
MinimumVisualStudioVersion = 10.0.40219.1
Project("{FAE04EC0-301F-11D3-BF4B-00C04F79EFBC}") = "GmailOAuth", "GmailOAuth.csproj", "{27091EDD-5D67-42CD-BE84-1867C940BF30}"
EndProject
Global
	GlobalSection(SolutionConfigurationPlatforms) = preSolution
		Debug|Any CPU = Debug|Any CPU
		Release|Any CPU = Release|Any CPU
	EndGlobalSection
	GlobalSection(ProjectConfigurationPlatforms) = postSolution
		{27091EDD-5D67-42CD-BE84-1867C940BF30}.Debug|Any CPU.ActiveCfg = Debug|Any CPU
		{27091EDD-5D67-42CD-BE84-1867C940BF30}.Debug|Any CPU.Build.0 = Debug|Any CPU
		{27091EDD-5D67-42CD-BE84-1867C940BF30}.Release|Any CPU.ActiveCfg = Release|Any CPU
		{27091EDD-5D67-42CD-BE84-1867C940BF30}.Release|Any CPU.Build.0 = Release|Any CPU
	EndGlobalSection
	GlobalSection(SolutionProperties) = preSolution
		HideSolutionNode = FALSE
	EndGlobalSection
	GlobalSection(ExtensibilityGlobals) = postSolution
		SolutionGuid = {A53A1DFC-369D-4D0F-A071-4D5F243DB8D4}
	EndGlobalSection
EndGlobal
